
Microsoft Visual Studio Solution File, Format Version 12.00
# Visual Studio Version 16
VisualStudioVersion = 16.0.30128.74
MinimumVisualStudioVersion = 10.0.40219.1
Project("{FAE04EC0-301F-11D3-BF4B-00C04F79EFBC}") = "Enums", "Enums\Enums.csproj", "{FFBFF1B1-76C4-4516-B885-FDB4C2E19E10}"
EndProject
Global
	GlobalSection(SolutionConfigurationPlatforms) = preSolution
		Debug|Any CPU = Debug|Any CPU
		Release|Any CPU = Release|Any CPU
	EndGlobalSection
	GlobalSection(ProjectConfigurationPlatforms) = postSolution
		{FFBFF1B1-76C4-4516-B885-FDB4C2E19E10}.Debug|Any CPU.ActiveCfg = Debug|Any CPU
		{FFBFF1B1-76C4-4516-B885-FDB4C2E19E10}.Debug|Any CPU.Build.0 = Debug|Any CPU
		{FFBFF1B1-76C4-4516-B885-FDB4C2E19E10}.Release|Any CPU.ActiveCfg = Release|Any CPU
		{FFBFF1B1-76C4-4516-B885-FDB4C2E19E10}.Release|Any CPU.Build.0 = Release|Any CPU
	EndGlobalSection
	GlobalSection(SolutionProperties) = preSolution
		HideSolutionNode = FALSE
	EndGlobalSection
	GlobalSection(ExtensibilityGlobals) = postSolution
		SolutionGuid = {6632BC22-0F37-4154-B05E-1F1FF0946982}
	EndGlobalSection
EndGlobal
