
Microsoft Visual Studio Solution File, Format Version 12.00
# Visual Studio Version 16
VisualStudioVersion = 16.0.30128.74
MinimumVisualStudioVersion = 10.0.40219.1
Project("{FAE04EC0-301F-11D3-BF4B-00C04F79EFBC}") = "ExFixacao", "ExFixacao\ExFixacao.csproj", "{4C4A0BFB-5955-4B67-B696-318669657795}"
EndProject
Global
	GlobalSection(SolutionConfigurationPlatforms) = preSolution
		Debug|Any CPU = Debug|Any CPU
		Release|Any CPU = Release|Any CPU
	EndGlobalSection
	GlobalSection(ProjectConfigurationPlatforms) = postSolution
		{4C4A0BFB-5955-4B67-B696-318669657795}.Debug|Any CPU.ActiveCfg = Debug|Any CPU
		{4C4A0BFB-5955-4B67-B696-318669657795}.Debug|Any CPU.Build.0 = Debug|Any CPU
		{4C4A0BFB-5955-4B67-B696-318669657795}.Release|Any CPU.ActiveCfg = Release|Any CPU
		{4C4A0BFB-5955-4B67-B696-318669657795}.Release|Any CPU.Build.0 = Release|Any CPU
	EndGlobalSection
	GlobalSection(SolutionProperties) = preSolution
		HideSolutionNode = FALSE
	EndGlobalSection
	GlobalSection(ExtensibilityGlobals) = postSolution
		SolutionGuid = {4288742C-6972-4878-8B60-463C413F8374}
	EndGlobalSection
EndGlobal
