
Microsoft Visual Studio Solution File, Format Version 12.00
# Visual Studio Version 16
VisualStudioVersion = 16.0.30320.27
MinimumVisualStudioVersion = 10.0.40219.1
Project("{FAE04EC0-301F-11D3-BF4B-00C04F79EFBC}") = "39 PersonalizedExceptions", "39 PersonalizedExceptions\39 PersonalizedExceptions.csproj", "{94A7E042-95E4-48FF-845F-C4F3178CEF0F}"
EndProject
Global
	GlobalSection(SolutionConfigurationPlatforms) = preSolution
		Debug|Any CPU = Debug|Any CPU
		Release|Any CPU = Release|Any CPU
	EndGlobalSection
	GlobalSection(ProjectConfigurationPlatforms) = postSolution
		{94A7E042-95E4-48FF-845F-C4F3178CEF0F}.Debug|Any CPU.ActiveCfg = Debug|Any CPU
		{94A7E042-95E4-48FF-845F-C4F3178CEF0F}.Debug|Any CPU.Build.0 = Debug|Any CPU
		{94A7E042-95E4-48FF-845F-C4F3178CEF0F}.Release|Any CPU.ActiveCfg = Release|Any CPU
		{94A7E042-95E4-48FF-845F-C4F3178CEF0F}.Release|Any CPU.Build.0 = Release|Any CPU
	EndGlobalSection
	GlobalSection(SolutionProperties) = preSolution
		HideSolutionNode = FALSE
	EndGlobalSection
	GlobalSection(ExtensibilityGlobals) = postSolution
		SolutionGuid = {C320CDFB-C9D2-4C1D-9B04-3DA5D552C0BA}
	EndGlobalSection
EndGlobal
