
Microsoft Visual Studio Solution File, Format Version 12.00
# Visual Studio Version 16
VisualStudioVersion = 16.0.30011.22
MinimumVisualStudioVersion = 10.0.40219.1
Project("{FAE04EC0-301F-11D3-BF4B-00C04F79EFBC}") = "testeLINQ", "testeLINQ.csproj", "{B1678735-8252-4B98-B440-84D44BCB576C}"
EndProject
Global
	GlobalSection(SolutionConfigurationPlatforms) = preSolution
		Debug|Any CPU = Debug|Any CPU
		Release|Any CPU = Release|Any CPU
	EndGlobalSection
	GlobalSection(ProjectConfigurationPlatforms) = postSolution
		{B1678735-8252-4B98-B440-84D44BCB576C}.Debug|Any CPU.ActiveCfg = Debug|Any CPU
		{B1678735-8252-4B98-B440-84D44BCB576C}.Debug|Any CPU.Build.0 = Debug|Any CPU
		{B1678735-8252-4B98-B440-84D44BCB576C}.Release|Any CPU.ActiveCfg = Release|Any CPU
		{B1678735-8252-4B98-B440-84D44BCB576C}.Release|Any CPU.Build.0 = Release|Any CPU
	EndGlobalSection
	GlobalSection(SolutionProperties) = preSolution
		HideSolutionNode = FALSE
	EndGlobalSection
	GlobalSection(ExtensibilityGlobals) = postSolution
		SolutionGuid = {D277FA77-5BA4-4E43-A274-6727FFE88DE2}
	EndGlobalSection
EndGlobal
