
Microsoft Visual Studio Solution File, Format Version 12.00
# Visual Studio Version 16
VisualStudioVersion = 16.0.30128.74
MinimumVisualStudioVersion = 10.0.40219.1
Project("{FAE04EC0-301F-11D3-BF4B-00C04F79EFBC}") = "Lists", "Lists\Lists.csproj", "{F306E5F4-769C-4BFF-A437-0E8F3AF4E901}"
EndProject
Global
	GlobalSection(SolutionConfigurationPlatforms) = preSolution
		Debug|Any CPU = Debug|Any CPU
		Release|Any CPU = Release|Any CPU
	EndGlobalSection
	GlobalSection(ProjectConfigurationPlatforms) = postSolution
		{F306E5F4-769C-4BFF-A437-0E8F3AF4E901}.Debug|Any CPU.ActiveCfg = Debug|Any CPU
		{F306E5F4-769C-4BFF-A437-0E8F3AF4E901}.Debug|Any CPU.Build.0 = Debug|Any CPU
		{F306E5F4-769C-4BFF-A437-0E8F3AF4E901}.Release|Any CPU.ActiveCfg = Release|Any CPU
		{F306E5F4-769C-4BFF-A437-0E8F3AF4E901}.Release|Any CPU.Build.0 = Release|Any CPU
	EndGlobalSection
	GlobalSection(SolutionProperties) = preSolution
		HideSolutionNode = FALSE
	EndGlobalSection
	GlobalSection(ExtensibilityGlobals) = postSolution
		SolutionGuid = {353403C9-E8CD-4516-B2AA-6C8480B7700E}
	EndGlobalSection
EndGlobal
