
Microsoft Visual Studio Solution File, Format Version 12.00
# Visual Studio Version 16
VisualStudioVersion = 16.0.30413.136
MinimumVisualStudioVersion = 10.0.40219.1
Project("{FAE04EC0-301F-11D3-BF4B-00C04F79EFBC}") = "66 PredicateRemoveAll", "66 PredicateRemoveAll\66 PredicateRemoveAll.csproj", "{A142E96A-A5C8-4212-B0BD-CB225CAEDAB4}"
EndProject
Global
	GlobalSection(SolutionConfigurationPlatforms) = preSolution
		Debug|Any CPU = Debug|Any CPU
		Release|Any CPU = Release|Any CPU
	EndGlobalSection
	GlobalSection(ProjectConfigurationPlatforms) = postSolution
		{A142E96A-A5C8-4212-B0BD-CB225CAEDAB4}.Debug|Any CPU.ActiveCfg = Debug|Any CPU
		{A142E96A-A5C8-4212-B0BD-CB225CAEDAB4}.Debug|Any CPU.Build.0 = Debug|Any CPU
		{A142E96A-A5C8-4212-B0BD-CB225CAEDAB4}.Release|Any CPU.ActiveCfg = Release|Any CPU
		{A142E96A-A5C8-4212-B0BD-CB225CAEDAB4}.Release|Any CPU.Build.0 = Release|Any CPU
	EndGlobalSection
	GlobalSection(SolutionProperties) = preSolution
		HideSolutionNode = FALSE
	EndGlobalSection
	GlobalSection(ExtensibilityGlobals) = postSolution
		SolutionGuid = {3099CC07-EC29-4280-B019-A024D1A966D4}
	EndGlobalSection
EndGlobal
