
Microsoft Visual Studio Solution File, Format Version 12.00
# Visual Studio Version 16
VisualStudioVersion = 16.0.30320.27
MinimumVisualStudioVersion = 10.0.40219.1
Project("{FAE04EC0-301F-11D3-BF4B-00C04F79EFBC}") = "45 DirectoryAndDirectoryInfo", "45 DirectoryAndDirectoryInfo\45 DirectoryAndDirectoryInfo.csproj", "{75BCB818-8226-4CBE-862F-C157C2D14015}"
EndProject
Global
	GlobalSection(SolutionConfigurationPlatforms) = preSolution
		Debug|Any CPU = Debug|Any CPU
		Release|Any CPU = Release|Any CPU
	EndGlobalSection
	GlobalSection(ProjectConfigurationPlatforms) = postSolution
		{75BCB818-8226-4CBE-862F-C157C2D14015}.Debug|Any CPU.ActiveCfg = Debug|Any CPU
		{75BCB818-8226-4CBE-862F-C157C2D14015}.Debug|Any CPU.Build.0 = Debug|Any CPU
		{75BCB818-8226-4CBE-862F-C157C2D14015}.Release|Any CPU.ActiveCfg = Release|Any CPU
		{75BCB818-8226-4CBE-862F-C157C2D14015}.Release|Any CPU.Build.0 = Release|Any CPU
	EndGlobalSection
	GlobalSection(SolutionProperties) = preSolution
		HideSolutionNode = FALSE
	EndGlobalSection
	GlobalSection(ExtensibilityGlobals) = postSolution
		SolutionGuid = {3B3B697C-9AFF-46D6-AA0F-497575D7F194}
	EndGlobalSection
EndGlobal
