
Microsoft Visual Studio Solution File, Format Version 12.00
# Visual Studio Version 16
VisualStudioVersion = 16.0.30413.136
MinimumVisualStudioVersion = 10.0.40219.1
Project("{FAE04EC0-301F-11D3-BF4B-00C04F79EFBC}") = "FuncSelect", "FuncSelect\FuncSelect.csproj", "{C7649CD2-3D8A-4A51-8119-AF50CD40EA00}"
EndProject
Global
	GlobalSection(SolutionConfigurationPlatforms) = preSolution
		Debug|Any CPU = Debug|Any CPU
		Release|Any CPU = Release|Any CPU
	EndGlobalSection
	GlobalSection(ProjectConfigurationPlatforms) = postSolution
		{C7649CD2-3D8A-4A51-8119-AF50CD40EA00}.Debug|Any CPU.ActiveCfg = Debug|Any CPU
		{C7649CD2-3D8A-4A51-8119-AF50CD40EA00}.Debug|Any CPU.Build.0 = Debug|Any CPU
		{C7649CD2-3D8A-4A51-8119-AF50CD40EA00}.Release|Any CPU.ActiveCfg = Release|Any CPU
		{C7649CD2-3D8A-4A51-8119-AF50CD40EA00}.Release|Any CPU.Build.0 = Release|Any CPU
	EndGlobalSection
	GlobalSection(SolutionProperties) = preSolution
		HideSolutionNode = FALSE
	EndGlobalSection
	GlobalSection(ExtensibilityGlobals) = postSolution
		SolutionGuid = {B267449E-A149-4B09-970A-29E2A5E90D74}
	EndGlobalSection
EndGlobal
