
Microsoft Visual Studio Solution File, Format Version 12.00
# Visual Studio Version 16
VisualStudioVersion = 16.0.30114.105
MinimumVisualStudioVersion = 10.0.40219.1
Project("{FAE04EC0-301F-11D3-BF4B-00C04F79EFBC}") = "aprendendo3", "aprendendo3\aprendendo3.csproj", "{11DB16A0-62D7-4DC9-98FF-609E88DCB255}"
EndProject
Global
	GlobalSection(SolutionConfigurationPlatforms) = preSolution
		Debug|Any CPU = Debug|Any CPU
		Release|Any CPU = Release|Any CPU
	EndGlobalSection
	GlobalSection(ProjectConfigurationPlatforms) = postSolution
		{11DB16A0-62D7-4DC9-98FF-609E88DCB255}.Debug|Any CPU.ActiveCfg = Debug|Any CPU
		{11DB16A0-62D7-4DC9-98FF-609E88DCB255}.Debug|Any CPU.Build.0 = Debug|Any CPU
		{11DB16A0-62D7-4DC9-98FF-609E88DCB255}.Release|Any CPU.ActiveCfg = Release|Any CPU
		{11DB16A0-62D7-4DC9-98FF-609E88DCB255}.Release|Any CPU.Build.0 = Release|Any CPU
	EndGlobalSection
	GlobalSection(SolutionProperties) = preSolution
		HideSolutionNode = FALSE
	EndGlobalSection
	GlobalSection(ExtensibilityGlobals) = postSolution
		SolutionGuid = {171CBC6B-C511-4B12-9A13-E6FEFE2C4440}
	EndGlobalSection
EndGlobal
