
Microsoft Visual Studio Solution File, Format Version 12.00
# Visual Studio Version 16
VisualStudioVersion = 16.0.30011.22
MinimumVisualStudioVersion = 10.0.40219.1
Project("{FAE04EC0-301F-11D3-BF4B-00C04F79EFBC}") = "ConsoleApplication2", "ConsoleApplication2.csproj", "{7CC87016-6B96-47C1-AB94-0E840A8B8F16}"
EndProject
Global
	GlobalSection(SolutionConfigurationPlatforms) = preSolution
		Debug|Any CPU = Debug|Any CPU
		Release|Any CPU = Release|Any CPU
	EndGlobalSection
	GlobalSection(ProjectConfigurationPlatforms) = postSolution
		{7CC87016-6B96-47C1-AB94-0E840A8B8F16}.Debug|Any CPU.ActiveCfg = Debug|Any CPU
		{7CC87016-6B96-47C1-AB94-0E840A8B8F16}.Debug|Any CPU.Build.0 = Debug|Any CPU
		{7CC87016-6B96-47C1-AB94-0E840A8B8F16}.Release|Any CPU.ActiveCfg = Release|Any CPU
		{7CC87016-6B96-47C1-AB94-0E840A8B8F16}.Release|Any CPU.Build.0 = Release|Any CPU
	EndGlobalSection
	GlobalSection(SolutionProperties) = preSolution
		HideSolutionNode = FALSE
	EndGlobalSection
	GlobalSection(ExtensibilityGlobals) = postSolution
		SolutionGuid = {D6F91D42-7C7F-4431-B458-B917FAB8FBF9}
	EndGlobalSection
EndGlobal
