
Microsoft Visual Studio Solution File, Format Version 12.00
# Visual Studio Version 16
VisualStudioVersion = 16.0.30413.136
MinimumVisualStudioVersion = 10.0.40219.1
Project("{FAE04EC0-301F-11D3-BF4B-00C04F79EFBC}") = "60 Dictionary", "60 Dictionary\60 Dictionary.csproj", "{4E30B66D-CECA-49A3-92E2-A79A2967E3AA}"
EndProject
Global
	GlobalSection(SolutionConfigurationPlatforms) = preSolution
		Debug|Any CPU = Debug|Any CPU
		Release|Any CPU = Release|Any CPU
	EndGlobalSection
	GlobalSection(ProjectConfigurationPlatforms) = postSolution
		{4E30B66D-CECA-49A3-92E2-A79A2967E3AA}.Debug|Any CPU.ActiveCfg = Debug|Any CPU
		{4E30B66D-CECA-49A3-92E2-A79A2967E3AA}.Debug|Any CPU.Build.0 = Debug|Any CPU
		{4E30B66D-CECA-49A3-92E2-A79A2967E3AA}.Release|Any CPU.ActiveCfg = Release|Any CPU
		{4E30B66D-CECA-49A3-92E2-A79A2967E3AA}.Release|Any CPU.Build.0 = Release|Any CPU
	EndGlobalSection
	GlobalSection(SolutionProperties) = preSolution
		HideSolutionNode = FALSE
	EndGlobalSection
	GlobalSection(ExtensibilityGlobals) = postSolution
		SolutionGuid = {311D5324-7F48-434D-BD39-C2FCCF00DFC5}
	EndGlobalSection
EndGlobal
