
Microsoft Visual Studio Solution File, Format Version 12.00
# Visual Studio Version 16
VisualStudioVersion = 16.0.30320.27
MinimumVisualStudioVersion = 10.0.40219.1
Project("{FAE04EC0-301F-11D3-BF4B-00C04F79EFBC}") = "46 Path", "46 Path\46 Path.csproj", "{75B7F454-3757-41DF-B203-90EF7065CFE9}"
EndProject
Global
	GlobalSection(SolutionConfigurationPlatforms) = preSolution
		Debug|Any CPU = Debug|Any CPU
		Release|Any CPU = Release|Any CPU
	EndGlobalSection
	GlobalSection(ProjectConfigurationPlatforms) = postSolution
		{75B7F454-3757-41DF-B203-90EF7065CFE9}.Debug|Any CPU.ActiveCfg = Debug|Any CPU
		{75B7F454-3757-41DF-B203-90EF7065CFE9}.Debug|Any CPU.Build.0 = Debug|Any CPU
		{75B7F454-3757-41DF-B203-90EF7065CFE9}.Release|Any CPU.ActiveCfg = Release|Any CPU
		{75B7F454-3757-41DF-B203-90EF7065CFE9}.Release|Any CPU.Build.0 = Release|Any CPU
	EndGlobalSection
	GlobalSection(SolutionProperties) = preSolution
		HideSolutionNode = FALSE
	EndGlobalSection
	GlobalSection(ExtensibilityGlobals) = postSolution
		SolutionGuid = {4F2A4191-5236-4DC1-BE2F-0948EB550D52}
	EndGlobalSection
EndGlobal
