
Microsoft Visual Studio Solution File, Format Version 12.00
# Visual Studio Version 16
VisualStudioVersion = 16.0.30320.27
MinimumVisualStudioVersion = 10.0.40219.1
Project("{FAE04EC0-301F-11D3-BF4B-00C04F79EFBC}") = "38 Exceptions", "38 Exceptions\38 Exceptions.csproj", "{1B597442-40EC-4948-A90D-ABD2DE68ED33}"
EndProject
Global
	GlobalSection(SolutionConfigurationPlatforms) = preSolution
		Debug|Any CPU = Debug|Any CPU
		Release|Any CPU = Release|Any CPU
	EndGlobalSection
	GlobalSection(ProjectConfigurationPlatforms) = postSolution
		{1B597442-40EC-4948-A90D-ABD2DE68ED33}.Debug|Any CPU.ActiveCfg = Debug|Any CPU
		{1B597442-40EC-4948-A90D-ABD2DE68ED33}.Debug|Any CPU.Build.0 = Debug|Any CPU
		{1B597442-40EC-4948-A90D-ABD2DE68ED33}.Release|Any CPU.ActiveCfg = Release|Any CPU
		{1B597442-40EC-4948-A90D-ABD2DE68ED33}.Release|Any CPU.Build.0 = Release|Any CPU
	EndGlobalSection
	GlobalSection(SolutionProperties) = preSolution
		HideSolutionNode = FALSE
	EndGlobalSection
	GlobalSection(ExtensibilityGlobals) = postSolution
		SolutionGuid = {5C2C8ED6-D6AB-4BDC-9AC5-CAD0B3C46876}
	EndGlobalSection
EndGlobal
