
Microsoft Visual Studio Solution File, Format Version 12.00
# Visual Studio Version 16
VisualStudioVersion = 16.0.30011.22
MinimumVisualStudioVersion = 10.0.40219.1
Project("{FAE04EC0-301F-11D3-BF4B-00C04F79EFBC}") = "WorkingWithCollections", "WorkingWithCollections.csproj", "{5269CDDD-6D51-4EB9-B34D-AFACCDF12E2E}"
EndProject
Global
	GlobalSection(SolutionConfigurationPlatforms) = preSolution
		Debug|Any CPU = Debug|Any CPU
		Release|Any CPU = Release|Any CPU
	EndGlobalSection
	GlobalSection(ProjectConfigurationPlatforms) = postSolution
		{5269CDDD-6D51-4EB9-B34D-AFACCDF12E2E}.Debug|Any CPU.ActiveCfg = Debug|Any CPU
		{5269CDDD-6D51-4EB9-B34D-AFACCDF12E2E}.Debug|Any CPU.Build.0 = Debug|Any CPU
		{5269CDDD-6D51-4EB9-B34D-AFACCDF12E2E}.Release|Any CPU.ActiveCfg = Release|Any CPU
		{5269CDDD-6D51-4EB9-B34D-AFACCDF12E2E}.Release|Any CPU.Build.0 = Release|Any CPU
	EndGlobalSection
	GlobalSection(SolutionProperties) = preSolution
		HideSolutionNode = FALSE
	EndGlobalSection
	GlobalSection(ExtensibilityGlobals) = postSolution
		SolutionGuid = {4864AE96-B91E-4448-AC1F-4CC666591372}
	EndGlobalSection
EndGlobal
