
Microsoft Visual Studio Solution File, Format Version 12.00
# Visual Studio Version 16
VisualStudioVersion = 16.0.30128.74
MinimumVisualStudioVersion = 10.0.40219.1
Project("{FAE04EC0-301F-11D3-BF4B-00C04F79EFBC}") = "ExercicioMatriz", "ExercicioMatriz\ExercicioMatriz.csproj", "{38B9D1E0-82B9-4C09-8167-003650311C42}"
EndProject
Global
	GlobalSection(SolutionConfigurationPlatforms) = preSolution
		Debug|Any CPU = Debug|Any CPU
		Release|Any CPU = Release|Any CPU
	EndGlobalSection
	GlobalSection(ProjectConfigurationPlatforms) = postSolution
		{38B9D1E0-82B9-4C09-8167-003650311C42}.Debug|Any CPU.ActiveCfg = Debug|Any CPU
		{38B9D1E0-82B9-4C09-8167-003650311C42}.Debug|Any CPU.Build.0 = Debug|Any CPU
		{38B9D1E0-82B9-4C09-8167-003650311C42}.Release|Any CPU.ActiveCfg = Release|Any CPU
		{38B9D1E0-82B9-4C09-8167-003650311C42}.Release|Any CPU.Build.0 = Release|Any CPU
	EndGlobalSection
	GlobalSection(SolutionProperties) = preSolution
		HideSolutionNode = FALSE
	EndGlobalSection
	GlobalSection(ExtensibilityGlobals) = postSolution
		SolutionGuid = {D0783AF5-2868-49F6-ACE7-C76F5F4262FE}
	EndGlobalSection
EndGlobal
