
Microsoft Visual Studio Solution File, Format Version 12.00
# Visual Studio Version 16
VisualStudioVersion = 16.0.30413.136
MinimumVisualStudioVersion = 10.0.40219.1
Project("{FAE04EC0-301F-11D3-BF4B-00C04F79EFBC}") = "56 HashSetAndSortedSet", "56 HashSetAndSortedSet\56 HashSetAndSortedSet.csproj", "{ACED104F-BB43-4EE4-B573-190D46E15DDC}"
EndProject
Global
	GlobalSection(SolutionConfigurationPlatforms) = preSolution
		Debug|Any CPU = Debug|Any CPU
		Release|Any CPU = Release|Any CPU
	EndGlobalSection
	GlobalSection(ProjectConfigurationPlatforms) = postSolution
		{ACED104F-BB43-4EE4-B573-190D46E15DDC}.Debug|Any CPU.ActiveCfg = Debug|Any CPU
		{ACED104F-BB43-4EE4-B573-190D46E15DDC}.Debug|Any CPU.Build.0 = Debug|Any CPU
		{ACED104F-BB43-4EE4-B573-190D46E15DDC}.Release|Any CPU.ActiveCfg = Release|Any CPU
		{ACED104F-BB43-4EE4-B573-190D46E15DDC}.Release|Any CPU.Build.0 = Release|Any CPU
	EndGlobalSection
	GlobalSection(SolutionProperties) = preSolution
		HideSolutionNode = FALSE
	EndGlobalSection
	GlobalSection(ExtensibilityGlobals) = postSolution
		SolutionGuid = {141CB29F-4413-4A3B-BCB6-3C60679068EC}
	EndGlobalSection
EndGlobal
