
Microsoft Visual Studio Solution File, Format Version 12.00
# Visual Studio Version 16
VisualStudioVersion = 16.0.30128.74
MinimumVisualStudioVersion = 10.0.40219.1
Project("{FAE04EC0-301F-11D3-BF4B-00C04F79EFBC}") = "VetoresSimples", "VetoresSimples.csproj", "{08AAB6C3-F2AB-4A2C-BAF6-BA3F3DD71A0D}"
EndProject
Global
	GlobalSection(SolutionConfigurationPlatforms) = preSolution
		Debug|Any CPU = Debug|Any CPU
		Release|Any CPU = Release|Any CPU
	EndGlobalSection
	GlobalSection(ProjectConfigurationPlatforms) = postSolution
		{08AAB6C3-F2AB-4A2C-BAF6-BA3F3DD71A0D}.Debug|Any CPU.ActiveCfg = Debug|Any CPU
		{08AAB6C3-F2AB-4A2C-BAF6-BA3F3DD71A0D}.Debug|Any CPU.Build.0 = Debug|Any CPU
		{08AAB6C3-F2AB-4A2C-BAF6-BA3F3DD71A0D}.Release|Any CPU.ActiveCfg = Release|Any CPU
		{08AAB6C3-F2AB-4A2C-BAF6-BA3F3DD71A0D}.Release|Any CPU.Build.0 = Release|Any CPU
	EndGlobalSection
	GlobalSection(SolutionProperties) = preSolution
		HideSolutionNode = FALSE
	EndGlobalSection
	GlobalSection(ExtensibilityGlobals) = postSolution
		SolutionGuid = {B136E9B1-2D38-4DAF-80B4-9B3FDF5CC4CC}
	EndGlobalSection
EndGlobal
