
Microsoft Visual Studio Solution File, Format Version 12.00
# Visual Studio Version 16
VisualStudioVersion = 16.0.30320.27
MinimumVisualStudioVersion = 10.0.40219.1
Project("{FAE04EC0-301F-11D3-BF4B-00C04F79EFBC}") = "48 Interface", "48 Interface\48 Interface.csproj", "{BB49E809-6458-43D4-9E7E-B99B20B78379}"
EndProject
Global
	GlobalSection(SolutionConfigurationPlatforms) = preSolution
		Debug|Any CPU = Debug|Any CPU
		Release|Any CPU = Release|Any CPU
	EndGlobalSection
	GlobalSection(ProjectConfigurationPlatforms) = postSolution
		{BB49E809-6458-43D4-9E7E-B99B20B78379}.Debug|Any CPU.ActiveCfg = Debug|Any CPU
		{BB49E809-6458-43D4-9E7E-B99B20B78379}.Debug|Any CPU.Build.0 = Debug|Any CPU
		{BB49E809-6458-43D4-9E7E-B99B20B78379}.Release|Any CPU.ActiveCfg = Release|Any CPU
		{BB49E809-6458-43D4-9E7E-B99B20B78379}.Release|Any CPU.Build.0 = Release|Any CPU
	EndGlobalSection
	GlobalSection(SolutionProperties) = preSolution
		HideSolutionNode = FALSE
	EndGlobalSection
	GlobalSection(ExtensibilityGlobals) = postSolution
		SolutionGuid = {A07756F3-14FC-4419-957F-3B6272C4BE9F}
	EndGlobalSection
EndGlobal
