
Microsoft Visual Studio Solution File, Format Version 12.00
# Visual Studio Version 16
VisualStudioVersion = 16.0.30413.136
MinimumVisualStudioVersion = 10.0.40219.1
Project("{FAE04EC0-301F-11D3-BF4B-00C04F79EFBC}") = "74 Exercise", "74 Exercise\74 Exercise.csproj", "{93144E3A-183C-4CF9-82C3-F58276A79B5B}"
EndProject
Global
	GlobalSection(SolutionConfigurationPlatforms) = preSolution
		Debug|Any CPU = Debug|Any CPU
		Release|Any CPU = Release|Any CPU
	EndGlobalSection
	GlobalSection(ProjectConfigurationPlatforms) = postSolution
		{93144E3A-183C-4CF9-82C3-F58276A79B5B}.Debug|Any CPU.ActiveCfg = Debug|Any CPU
		{93144E3A-183C-4CF9-82C3-F58276A79B5B}.Debug|Any CPU.Build.0 = Debug|Any CPU
		{93144E3A-183C-4CF9-82C3-F58276A79B5B}.Release|Any CPU.ActiveCfg = Release|Any CPU
		{93144E3A-183C-4CF9-82C3-F58276A79B5B}.Release|Any CPU.Build.0 = Release|Any CPU
	EndGlobalSection
	GlobalSection(SolutionProperties) = preSolution
		HideSolutionNode = FALSE
	EndGlobalSection
	GlobalSection(ExtensibilityGlobals) = postSolution
		SolutionGuid = {FACF3359-F36B-4546-B1D8-B56F0BEC5779}
	EndGlobalSection
EndGlobal
