
Microsoft Visual Studio Solution File, Format Version 12.00
# Visual Studio Version 16
VisualStudioVersion = 16.0.30413.136
MinimumVisualStudioVersion = 10.0.40219.1
Project("{FAE04EC0-301F-11D3-BF4B-00C04F79EFBC}") = "69 Linq", "69 Linq\69 Linq.csproj", "{5368139B-5E59-4A39-99CF-EFE74BD56D07}"
EndProject
Global
	GlobalSection(SolutionConfigurationPlatforms) = preSolution
		Debug|Any CPU = Debug|Any CPU
		Release|Any CPU = Release|Any CPU
	EndGlobalSection
	GlobalSection(ProjectConfigurationPlatforms) = postSolution
		{5368139B-5E59-4A39-99CF-EFE74BD56D07}.Debug|Any CPU.ActiveCfg = Debug|Any CPU
		{5368139B-5E59-4A39-99CF-EFE74BD56D07}.Debug|Any CPU.Build.0 = Debug|Any CPU
		{5368139B-5E59-4A39-99CF-EFE74BD56D07}.Release|Any CPU.ActiveCfg = Release|Any CPU
		{5368139B-5E59-4A39-99CF-EFE74BD56D07}.Release|Any CPU.Build.0 = Release|Any CPU
	EndGlobalSection
	GlobalSection(SolutionProperties) = preSolution
		HideSolutionNode = FALSE
	EndGlobalSection
	GlobalSection(ExtensibilityGlobals) = postSolution
		SolutionGuid = {4A097E10-7C48-4FF9-9E0B-D14B360638F4}
	EndGlobalSection
EndGlobal
