
Microsoft Visual Studio Solution File, Format Version 12.00
# Visual Studio Version 16
VisualStudioVersion = 16.0.30320.27
MinimumVisualStudioVersion = 10.0.40219.1
Project("{FAE04EC0-301F-11D3-BF4B-00C04F79EFBC}") = "52 IComparable", "52 IComparable\52 IComparable.csproj", "{B2525FF5-86E1-4A0D-B29C-5CA2A38FD125}"
EndProject
Global
	GlobalSection(SolutionConfigurationPlatforms) = preSolution
		Debug|Any CPU = Debug|Any CPU
		Release|Any CPU = Release|Any CPU
	EndGlobalSection
	GlobalSection(ProjectConfigurationPlatforms) = postSolution
		{B2525FF5-86E1-4A0D-B29C-5CA2A38FD125}.Debug|Any CPU.ActiveCfg = Debug|Any CPU
		{B2525FF5-86E1-4A0D-B29C-5CA2A38FD125}.Debug|Any CPU.Build.0 = Debug|Any CPU
		{B2525FF5-86E1-4A0D-B29C-5CA2A38FD125}.Release|Any CPU.ActiveCfg = Release|Any CPU
		{B2525FF5-86E1-4A0D-B29C-5CA2A38FD125}.Release|Any CPU.Build.0 = Release|Any CPU
	EndGlobalSection
	GlobalSection(SolutionProperties) = preSolution
		HideSolutionNode = FALSE
	EndGlobalSection
	GlobalSection(ExtensibilityGlobals) = postSolution
		SolutionGuid = {509173D5-E748-4E62-9F17-E678DA4C25E8}
	EndGlobalSection
EndGlobal
